
Microsoft Visual Studio Solution File, Format Version 12.00
# Visual Studio Version 17
VisualStudioVersion = 17.7.34221.43
MinimumVisualStudioVersion = 10.0.40219.1
Project("{9092AA53-FB77-4645-B42D-1CCCA6BD08BD}") = "PROFIB24", "PROFIB24\PROFIB24.njsproj", "{5E20AE8D-34DE-4E4E-923B-B6B5EFDC3EA2}"
EndProject
Global
	GlobalSection(SolutionConfigurationPlatforms) = preSolution
		Debug|Any CPU = Debug|Any CPU
		Release|Any CPU = Release|Any CPU
	EndGlobalSection
	GlobalSection(ProjectConfigurationPlatforms) = postSolution
		{5E20AE8D-34DE-4E4E-923B-B6B5EFDC3EA2}.Debug|Any CPU.ActiveCfg = Debug|Any CPU
		{5E20AE8D-34DE-4E4E-923B-B6B5EFDC3EA2}.Debug|Any CPU.Build.0 = Debug|Any CPU
		{5E20AE8D-34DE-4E4E-923B-B6B5EFDC3EA2}.Release|Any CPU.ActiveCfg = Release|Any CPU
		{5E20AE8D-34DE-4E4E-923B-B6B5EFDC3EA2}.Release|Any CPU.Build.0 = Release|Any CPU
	EndGlobalSection
	GlobalSection(SolutionProperties) = preSolution
		HideSolutionNode = FALSE
	EndGlobalSection
	GlobalSection(ExtensibilityGlobals) = postSolution
		SolutionGuid = {F001785B-5FC1-4D70-B6ED-EE6603260710}
	EndGlobalSection
EndGlobal
